
Microsoft Visual Studio Solution File, Format Version 12.00
# Visual Studio Version 16
VisualStudioVersion = 16.0.29519.87
MinimumVisualStudioVersion = 10.0.40219.1
Project("{FAE04EC0-301F-11D3-BF4B-00C04F79EFBC}") = "WinHash Free", "WinHash Free.csproj", "{53CEFB5B-034F-4429-9411-90CE9C4F3DCA}"
EndProject
Global
	GlobalSection(SolutionConfigurationPlatforms) = preSolution
		Debug|Any CPU = Debug|Any CPU
		Release|Any CPU = Release|Any CPU
	EndGlobalSection
	GlobalSection(ProjectConfigurationPlatforms) = postSolution
		{53CEFB5B-034F-4429-9411-90CE9C4F3DCA}.Debug|Any CPU.ActiveCfg = Debug|Any CPU
		{53CEFB5B-034F-4429-9411-90CE9C4F3DCA}.Debug|Any CPU.Build.0 = Debug|Any CPU
		{53CEFB5B-034F-4429-9411-90CE9C4F3DCA}.Release|Any CPU.ActiveCfg = Release|Any CPU
		{53CEFB5B-034F-4429-9411-90CE9C4F3DCA}.Release|Any CPU.Build.0 = Release|Any CPU
	EndGlobalSection
	GlobalSection(SolutionProperties) = preSolution
		HideSolutionNode = FALSE
	EndGlobalSection
	GlobalSection(ExtensibilityGlobals) = postSolution
		SolutionGuid = {BCCB7D63-0139-41BB-AF31-395BA15A98EA}
	EndGlobalSection
EndGlobal
